// !$*UTF8*$!
{
	archiveVersion = 1;
	classes = {
	};
	objectVersion = 50;
	objects = {

/* Begin PBXBuildFile section */
		F2029D2B26660EE600B2293B /* CardsBoxApp.swift in Sources */ = {isa = PBXBuildFile; fileRef = F2029D2A26660EE600B2293B /* CardsBoxApp.swift */; };
		F2029D2D26660EE600B2293B /* HomeView.swift in Sources */ = {isa = PBXBuildFile; fileRef = F2029D2C26660EE600B2293B /* HomeView.swift */; };
		F2029D2F26660EE800B2293B /* Assets.xcassets in Resources */ = {isa = PBXBuildFile; fileRef = F2029D2E26660EE800B2293B /* Assets.xcassets */; };
		F2029D3226660EE800B2293B /* Preview Assets.xcassets in Resources */ = {isa = PBXBuildFile; fileRef = F2029D3126660EE800B2293B /* Preview Assets.xcassets */; };
		F2029D3426660EE800B2293B /* Persistence.swift in Sources */ = {isa = PBXBuildFile; fileRef = F2029D3326660EE800B2293B /* Persistence.swift */; };
		F2029D3726660EE800B2293B /* CardsBox.xcdatamodeld in Sources */ = {isa = PBXBuildFile; fileRef = F2029D3526660EE800B2293B /* CardsBox.xcdatamodeld */; };
		F298567D267280DA00488327 /* CardViewCell.swift in Sources */ = {isa = PBXBuildFile; fileRef = F298567C267280DA00488327 /* CardViewCell.swift */; };
/* End PBXBuildFile section */

/* Begin PBXFileReference section */
		F2029D2726660EE600B2293B /* CardsBox.app */ = {isa = PBXFileReference; explicitFileType = wrapper.application; includeInIndex = 0; path = CardsBox.app; sourceTree = BUILT_PRODUCTS_DIR; };
		F2029D2A26660EE600B2293B /* CardsBoxApp.swift */ = {isa = PBXFileReference; lastKnownFileType = sourcecode.swift; path = CardsBoxApp.swift; sourceTree = "<group>"; };
		F2029D2C26660EE600B2293B /* HomeView.swift */ = {isa = PBXFileReference; lastKnownFileType = sourcecode.swift; path = HomeView.swift; sourceTree = "<group>"; };
		F2029D2E26660EE800B2293B /* Assets.xcassets */ = {isa = PBXFileReference; lastKnownFileType = folder.assetcatalog; path = Assets.xcassets; sourceTree = "<group>"; };
		F2029D3126660EE800B2293B /* Preview Assets.xcassets */ = {isa = PBXFileReference; lastKnownFileType = folder.assetcatalog; path = "Preview Assets.xcassets"; sourceTree = "<group>"; };
		F2029D3326660EE800B2293B /* Persistence.swift */ = {isa = PBXFileReference; lastKnownFileType = sourcecode.swift; path = Persistence.swift; sourceTree = "<group>"; };
		F2029D3626660EE800B2293B /* CardsBox.xcdatamodel */ = {isa = PBXFileReference; lastKnownFileType = wrapper.xcdatamodel; path = CardsBox.xcdatamodel; sourceTree = "<group>"; };
		F2029D3826660EE800B2293B /* Info.plist */ = {isa = PBXFileReference; lastKnownFileType = text.plist.xml; path = Info.plist; sourceTree = "<group>"; };
		F298567C267280DA00488327 /* CardViewCell.swift */ = {isa = PBXFileReference; lastKnownFileType = sourcecode.swift; path = CardViewCell.swift; sourceTree = "<group>"; };
/* End PBXFileReference section */

/* Begin PBXFrameworksBuildPhase section */
		F2029D2426660EE600B2293B /* Frameworks */ = {
			isa = PBXFrameworksBuildPhase;
			buildActionMask = 2147483647;
			files = (
			);
			runOnlyForDeploymentPostprocessing = 0;
		};
/* End PBXFrameworksBuildPhase section */

/* Begin PBXGroup section */
		F2029D1E26660EE600B2293B = {
			isa = PBXGroup;
			children = (
				F2029D2926660EE600B2293B /* CardsBox */,
				F2029D2826660EE600B2293B /* Products */,
			);
			sourceTree = "<group>";
		};
		F2029D2826660EE600B2293B /* Products */ = {
			isa = PBXGroup;
			children = (
				F2029D2726660EE600B2293B /* CardsBox.app */,
			);
			name = Products;
			sourceTree = "<group>";
		};
		F2029D2926660EE600B2293B /* CardsBox */ = {
			isa = PBXGroup;
			children = (
				F2B6C1412667EC3D00EC9025 /* Application */,
				F2B6C13F2667EC2500EC9025 /* Screens */,
				F2029D2E26660EE800B2293B /* Assets.xcassets */,
				F2029D3326660EE800B2293B /* Persistence.swift */,
				F2029D3826660EE800B2293B /* Info.plist */,
				F2029D3526660EE800B2293B /* CardsBox.xcdatamodeld */,
				F2029D3026660EE800B2293B /* Preview Content */,
			);
			path = CardsBox;
			sourceTree = "<group>";
		};
		F2029D3026660EE800B2293B /* Preview Content */ = {
			isa = PBXGroup;
			children = (
				F2029D3126660EE800B2293B /* Preview Assets.xcassets */,
			);
			path = "Preview Content";
			sourceTree = "<group>";
		};
		F298567B267280B500488327 /* CardViewCell */ = {
			isa = PBXGroup;
			children = (
				F298567C267280DA00488327 /* CardViewCell.swift */,
			);
			path = CardViewCell;
			sourceTree = "<group>";
		};
		F2B6C13F2667EC2500EC9025 /* Screens */ = {
			isa = PBXGroup;
			children = (
				F2B6C1402667EC3400EC9025 /* Home */,
			);
			path = Screens;
			sourceTree = "<group>";
		};
		F2B6C1402667EC3400EC9025 /* Home */ = {
			isa = PBXGroup;
			children = (
				F2B6C1442667EC9100EC9025 /* Model */,
				F2B6C1432667EC8800EC9025 /* ViewModel */,
				F2B6C1422667EC8200EC9025 /* View */,
			);
			path = Home;
			sourceTree = "<group>";
		};
		F2B6C1412667EC3D00EC9025 /* Application */ = {
			isa = PBXGroup;
			children = (
				F2029D2A26660EE600B2293B /* CardsBoxApp.swift */,
			);
			path = Application;
			sourceTree = "<group>";
		};
		F2B6C1422667EC8200EC9025 /* View */ = {
			isa = PBXGroup;
			children = (
				F298567B267280B500488327 /* CardViewCell */,
				F2029D2C26660EE600B2293B /* HomeView.swift */,
			);
			path = View;
			sourceTree = "<group>";
		};
		F2B6C1432667EC8800EC9025 /* ViewModel */ = {
			isa = PBXGroup;
			children = (
			);
			path = ViewModel;
			sourceTree = "<group>";
		};
		F2B6C1442667EC9100EC9025 /* Model */ = {
			isa = PBXGroup;
			children = (
			);
			path = Model;
			sourceTree = "<group>";
		};
/* End PBXGroup section */

/* Begin PBXNativeTarget section */
		F2029D2626660EE600B2293B /* CardsBox */ = {
			isa = PBXNativeTarget;
			buildConfigurationList = F2029D3B26660EE800B2293B /* Build configuration list for PBXNativeTarget "CardsBox" */;
			buildPhases = (
				F2029D2326660EE600B2293B /* Sources */,
				F2029D2426660EE600B2293B /* Frameworks */,
				F2029D2526660EE600B2293B /* Resources */,
			);
			buildRules = (
			);
			dependencies = (
			);
			name = CardsBox;
			productName = CardsBox;
			productReference = F2029D2726660EE600B2293B /* CardsBox.app */;
			productType = "com.apple.product-type.application";
		};
/* End PBXNativeTarget section */

/* Begin PBXProject section */
		F2029D1F26660EE600B2293B /* Project object */ = {
			isa = PBXProject;
			attributes = {
				LastSwiftUpdateCheck = 1250;
				LastUpgradeCheck = 1250;
				TargetAttributes = {
					F2029D2626660EE600B2293B = {
						CreatedOnToolsVersion = 12.5;
					};
				};
			};
			buildConfigurationList = F2029D2226660EE600B2293B /* Build configuration list for PBXProject "CardsBox" */;
			compatibilityVersion = "Xcode 9.3";
			developmentRegion = en;
			hasScannedForEncodings = 0;
			knownRegions = (
				en,
				Base,
			);
			mainGroup = F2029D1E26660EE600B2293B;
			productRefGroup = F2029D2826660EE600B2293B /* Products */;
			projectDirPath = "";
			projectRoot = "";
			targets = (
				F2029D2626660EE600B2293B /* CardsBox */,
			);
		};
/* End PBXProject section */

/* Begin PBXResourcesBuildPhase section */
		F2029D2526660EE600B2293B /* Resources */ = {
			isa = PBXResourcesBuildPhase;
			buildActionMask = 2147483647;
			files = (
				F2029D3226660EE800B2293B /* Preview Assets.xcassets in Resources */,
				F2029D2F26660EE800B2293B /* Assets.xcassets in Resources */,
			);
			runOnlyForDeploymentPostprocessing = 0;
		};
/* End PBXResourcesBuildPhase section */

/* Begin PBXSourcesBuildPhase section */
		F2029D2326660EE600B2293B /* Sources */ = {
			isa = PBXSourcesBuildPhase;
			buildActionMask = 2147483647;
			files = (
				F2029D3426660EE800B2293B /* Persistence.swift in Sources */,
				F2029D2D26660EE600B2293B /* HomeView.swift in Sources */,
				F298567D267280DA00488327 /* CardViewCell.swift in Sources */,
				F2029D2B26660EE600B2293B /* CardsBoxApp.swift in Sources */,
				F2029D3726660EE800B2293B /* CardsBox.xcdatamodeld in Sources */,
			);
			runOnlyForDeploymentPostprocessing = 0;
		};
/* End PBXSourcesBuildPhase section */

/* Begin XCBuildConfiguration section */
		F2029D3926660EE800B2293B /* Debug */ = {
			isa = XCBuildConfiguration;
			buildSettings = {
				ALWAYS_SEARCH_USER_PATHS = NO;
				CLANG_ANALYZER_NONNULL = YES;
				CLANG_ANALYZER_NUMBER_OBJECT_CONVERSION = YES_AGGRESSIVE;
				CLANG_CXX_LANGUAGE_STANDARD = "gnu++14";
				CLANG_CXX_LIBRARY = "libc++";
				CLANG_ENABLE_MODULES = YES;
				CLANG_ENABLE_OBJC_ARC = YES;
				CLANG_ENABLE_OBJC_WEAK = YES;
				CLANG_WARN_BLOCK_CAPTURE_AUTORELEASING = YES;
				CLANG_WARN_BOOL_CONVERSION = YES;
				CLANG_WARN_COMMA = YES;
				CLANG_WARN_CONSTANT_CONVERSION = YES;
				CLANG_WARN_DEPRECATED_OBJC_IMPLEMENTATIONS = YES;
				CLANG_WARN_DIRECT_OBJC_ISA_USAGE = YES_ERROR;
				CLANG_WARN_DOCUMENTATION_COMMENTS = YES;
				CLANG_WARN_EMPTY_BODY = YES;
				CLANG_WARN_ENUM_CONVERSION = YES;
				CLANG_WARN_INFINITE_RECURSION = YES;
				CLANG_WARN_INT_CONVERSION = YES;
				CLANG_WARN_NON_LITERAL_NULL_CONVERSION = YES;
				CLANG_WARN_OBJC_IMPLICIT_RETAIN_SELF = YES;
				CLANG_WARN_OBJC_LITERAL_CONVERSION = YES;
				CLANG_WARN_OBJC_ROOT_CLASS = YES_ERROR;
				CLANG_WARN_QUOTED_INCLUDE_IN_FRAMEWORK_HEADER = YES;
				CLANG_WARN_RANGE_LOOP_ANALYSIS = YES;
				CLANG_WARN_STRICT_PROTOTYPES = YES;
				CLANG_WARN_SUSPICIOUS_MOVE = YES;
				CLANG_WARN_UNGUARDED_AVAILABILITY = YES_AGGRESSIVE;
				CLANG_WARN_UNREACHABLE_CODE = YES;
				CLANG_WARN__DUPLICATE_METHOD_MATCH = YES;
				COPY_PHASE_STRIP = NO;
				DEBUG_INFORMATION_FORMAT = dwarf;
				ENABLE_STRICT_OBJC_MSGSEND = YES;
				ENABLE_TESTABILITY = YES;
				GCC_C_LANGUAGE_STANDARD = gnu11;
				GCC_DYNAMIC_NO_PIC = NO;
				GCC_NO_COMMON_BLOCKS = YES;
				GCC_OPTIMIZATION_LEVEL = 0;
				GCC_PREPROCESSOR_DEFINITIONS = (
					"DEBUG=1",
					"$(inherited)",
				);
				GCC_WARN_64_TO_32_BIT_CONVERSION = YES;
				GCC_WARN_ABOUT_RETURN_TYPE = YES_ERROR;
				GCC_WARN_UNDECLARED_SELECTOR = YES;
				GCC_WARN_UNINITIALIZED_AUTOS = YES_AGGRESSIVE;
				GCC_WARN_UNUSED_FUNCTION = YES;
				GCC_WARN_UNUSED_VARIABLE = YES;
				IPHONEOS_DEPLOYMENT_TARGET = 14.5;
				MTL_ENABLE_DEBUG_INFO = INCLUDE_SOURCE;
				MTL_FAST_MATH = YES;
				ONLY_ACTIVE_ARCH = YES;
				SDKROOT = iphoneos;
				SWIFT_ACTIVE_COMPILATION_CONDITIONS = DEBUG;
				SWIFT_OPTIMIZATION_LEVEL = "-Onone";
			};
			name = Debug;
		};
		F2029D3A26660EE800B2293B /* Release */ = {
			isa = XCBuildConfiguration;
			buildSettings = {
				ALWAYS_SEARCH_USER_PATHS = NO;
				CLANG_ANALYZER_NONNULL = YES;
				CLANG_ANALYZER_NUMBER_OBJECT_CONVERSION = YES_AGGRESSIVE;
				CLANG_CXX_LANGUAGE_STANDARD = "gnu++14";
				CLANG_CXX_LIBRARY = "libc++";
				CLANG_ENABLE_MODULES = YES;
				CLANG_ENABLE_OBJC_ARC = YES;
				CLANG_ENABLE_OBJC_WEAK = YES;
				CLANG_WARN_BLOCK_CAPTURE_AUTORELEASING = YES;
				CLANG_WARN_BOOL_CONVERSION = YES;
				CLANG_WARN_COMMA = YES;
				CLANG_WARN_CONSTANT_CONVERSION = YES;
				CLANG_WARN_DEPRECATED_OBJC_IMPLEMENTATIONS = YES;
				CLANG_WARN_DIRECT_OBJC_ISA_USAGE = YES_ERROR;
				CLANG_WARN_DOCUMENTATION_COMMENTS = YES;
				CLANG_WARN_EMPTY_BODY = YES;
				CLANG_WARN_ENUM_CONVERSION = YES;
				CLANG_WARN_INFINITE_RECURSION = YES;
				CLANG_WARN_INT_CONVERSION = YES;
				CLANG_WARN_NON_LITERAL_NULL_CONVERSION = YES;
				CLANG_WARN_OBJC_IMPLICIT_RETAIN_SELF = YES;
				CLANG_WARN_OBJC_LITERAL_CONVERSION = YES;
				CLANG_WARN_OBJC_ROOT_CLASS = YES_ERROR;
				CLANG_WARN_QUOTED_INCLUDE_IN_FRAMEWORK_HEADER = YES;
				CLANG_WARN_RANGE_LOOP_ANALYSIS = YES;
				CLANG_WARN_STRICT_PROTOTYPES = YES;
				CLANG_WARN_SUSPICIOUS_MOVE = YES;
				CLANG_WARN_UNGUARDED_AVAILABILITY = YES_AGGRESSIVE;
				CLANG_WARN_UNREACHABLE_CODE = YES;
				CLANG_WARN__DUPLICATE_METHOD_MATCH = YES;
				COPY_PHASE_STRIP = NO;
				DEBUG_INFORMATION_FORMAT = "dwarf-with-dsym";
				ENABLE_NS_ASSERTIONS = NO;
				ENABLE_STRICT_OBJC_MSGSEND = YES;
				GCC_C_LANGUAGE_STANDARD = gnu11;
				GCC_NO_COMMON_BLOCKS = YES;
				GCC_WARN_64_TO_32_BIT_CONVERSION = YES;
				GCC_WARN_ABOUT_RETURN_TYPE = YES_ERROR;
				GCC_WARN_UNDECLARED_SELECTOR = YES;
				GCC_WARN_UNINITIALIZED_AUTOS = YES_AGGRESSIVE;
				GCC_WARN_UNUSED_FUNCTION = YES;
				GCC_WARN_UNUSED_VARIABLE = YES;
				IPHONEOS_DEPLOYMENT_TARGET = 14.5;
				MTL_ENABLE_DEBUG_INFO = NO;
				MTL_FAST_MATH = YES;
				SDKROOT = iphoneos;
				SWIFT_COMPILATION_MODE = wholemodule;
				SWIFT_OPTIMIZATION_LEVEL = "-O";
				VALIDATE_PRODUCT = YES;
			};
			name = Release;
		};
		F2029D3C26660EE800B2293B /* Debug */ = {
			isa = XCBuildConfiguration;
			buildSettings = {
				ASSETCATALOG_COMPILER_APPICON_NAME = AppIcon;
				ASSETCATALOG_COMPILER_GLOBAL_ACCENT_COLOR_NAME = AccentColor;
				CODE_SIGN_STYLE = Automatic;
				DEVELOPMENT_ASSET_PATHS = "\"CardsBox/Preview Content\"";
				DEVELOPMENT_TEAM = ACK684Q2U7;
				ENABLE_PREVIEWS = YES;
				INFOPLIST_FILE = CardsBox/Info.plist;
				IPHONEOS_DEPLOYMENT_TARGET = 15.0;
				LD_RUNPATH_SEARCH_PATHS = (
					"$(inherited)",
					"@executable_path/Frameworks",
				);
				PRODUCT_BUNDLE_IDENTIFIER = com.evernetica.CardsBox;
				PRODUCT_NAME = "$(TARGET_NAME)";
				SWIFT_VERSION = 5.0;
				TARGETED_DEVICE_FAMILY = "1,2";
			};
			name = Debug;
		};
		F2029D3D26660EE800B2293B /* Release */ = {
			isa = XCBuildConfiguration;
			buildSettings = {
				ASSETCATALOG_COMPILER_APPICON_NAME = AppIcon;
				ASSETCATALOG_COMPILER_GLOBAL_ACCENT_COLOR_NAME = AccentColor;
				CODE_SIGN_STYLE = Automatic;
				DEVELOPMENT_ASSET_PATHS = "\"CardsBox/Preview Content\"";
				DEVELOPMENT_TEAM = ACK684Q2U7;
				ENABLE_PREVIEWS = YES;
				INFOPLIST_FILE = CardsBox/Info.plist;
				IPHONEOS_DEPLOYMENT_TARGET = 15.0;
				LD_RUNPATH_SEARCH_PATHS = (
					"$(inherited)",
					"@executable_path/Frameworks",
				);
				PRODUCT_BUNDLE_IDENTIFIER = com.evernetica.CardsBox;
				PRODUCT_NAME = "$(TARGET_NAME)";
				SWIFT_VERSION = 5.0;
				TARGETED_DEVICE_FAMILY = "1,2";
			};
			name = Release;
		};
/* End XCBuildConfiguration section */

/* Begin XCConfigurationList section */
		F2029D2226660EE600B2293B /* Build configuration list for PBXProject "CardsBox" */ = {
			isa = XCConfigurationList;
			buildConfigurations = (
				F2029D3926660EE800B2293B /* Debug */,
				F2029D3A26660EE800B2293B /* Release */,
			);
			defaultConfigurationIsVisible = 0;
			defaultConfigurationName = Release;
		};
		F2029D3B26660EE800B2293B /* Build configuration list for PBXNativeTarget "CardsBox" */ = {
			isa = XCConfigurationList;
			buildConfigurations = (
				F2029D3C26660EE800B2293B /* Debug */,
				F2029D3D26660EE800B2293B /* Release */,
			);
			defaultConfigurationIsVisible = 0;
			defaultConfigurationName = Release;
		};
/* End XCConfigurationList section */

/* Begin XCVersionGroup section */
		F2029D3526660EE800B2293B /* CardsBox.xcdatamodeld */ = {
			isa = XCVersionGroup;
			children = (
				F2029D3626660EE800B2293B /* CardsBox.xcdatamodel */,
			);
			currentVersion = F2029D3626660EE800B2293B /* CardsBox.xcdatamodel */;
			path = CardsBox.xcdatamodeld;
			sourceTree = "<group>";
			versionGroupType = wrapper.xcdatamodel;
		};
/* End XCVersionGroup section */
	};
	rootObject = F2029D1F26660EE600B2293B /* Project object */;
}
